
Microsoft Visual Studio Solution File, Format Version 12.00
# Visual Studio 2013
VisualStudioVersion = 12.0.21005.1
MinimumVisualStudioVersion = 10.0.40219.1
Project("{FAE04EC0-301F-11D3-BF4B-00C04F79EFBC}") = "Calls", "Calls\Calls.csproj", "{3BD3A669-22D8-495C-89F9-BB243AF8EE9E}"
EndProject
Project("{FAE04EC0-301F-11D3-BF4B-00C04F79EFBC}") = "Calls.HttpClient", "Calls.HttpClient\Calls.HttpClient.csproj", "{AC11756B-1C0E-44B8-BE88-5699C092362B}"
EndProject
Global
	GlobalSection(SolutionConfigurationPlatforms) = preSolution
		Debug|Any CPU = Debug|Any CPU
		Release|Any CPU = Release|Any CPU
	EndGlobalSection
	GlobalSection(ProjectConfigurationPlatforms) = postSolution
		{3BD3A669-22D8-495C-89F9-BB243AF8EE9E}.Debug|Any CPU.ActiveCfg = Debug|Any CPU
		{3BD3A669-22D8-495C-89F9-BB243AF8EE9E}.Debug|Any CPU.Build.0 = Debug|Any CPU
		{3BD3A669-22D8-495C-89F9-BB243AF8EE9E}.Release|Any CPU.ActiveCfg = Release|Any CPU
		{3BD3A669-22D8-495C-89F9-BB243AF8EE9E}.Release|Any CPU.Build.0 = Release|Any CPU
		{AC11756B-1C0E-44B8-BE88-5699C092362B}.Debug|Any CPU.ActiveCfg = Debug|Any CPU
		{AC11756B-1C0E-44B8-BE88-5699C092362B}.Debug|Any CPU.Build.0 = Debug|Any CPU
		{AC11756B-1C0E-44B8-BE88-5699C092362B}.Release|Any CPU.ActiveCfg = Release|Any CPU
		{AC11756B-1C0E-44B8-BE88-5699C092362B}.Release|Any CPU.Build.0 = Release|Any CPU
	EndGlobalSection
	GlobalSection(SolutionProperties) = preSolution
		HideSolutionNode = FALSE
	EndGlobalSection
EndGlobal
